
Microsoft Visual Studio Solution File, Format Version 12.00
# Visual Studio Version 16
VisualStudioVersion = 16.0.29609.76
MinimumVisualStudioVersion = 10.0.40219.1
Project("{FAE04EC0-301F-11D3-BF4B-00C04F79EFBC}") = "StoreInventory", "StoreInventory\StoreInventory.csproj", "{4ACEEE3E-5222-42E9-AD51-9425648D9036}"
EndProject
Project("{FAE04EC0-301F-11D3-BF4B-00C04F79EFBC}") = "StoreInventory.BLL", "StoreInventory.BLL\StoreInventory.BLL.csproj", "{F36E7963-9860-41A5-BCCF-CCA52E4DFDAD}"
EndProject
Project("{FAE04EC0-301F-11D3-BF4B-00C04F79EFBC}") = "StoreInventory.DAL", "StoreInventory.DAL\StoreInventory.DAL.csproj", "{84FE01B3-A19B-49CF-AA8D-714377F58B8D}"
EndProject
Project("{FAE04EC0-301F-11D3-BF4B-00C04F79EFBC}") = "StoreInventory.ViewModels", "StoreInventory.ViewModels\StoreInventory.ViewModels.csproj", "{FDEEA1CF-EFFC-4FF0-B26F-D173B293AA80}"
EndProject
Global
	GlobalSection(SolutionConfigurationPlatforms) = preSolution
		Debug|Any CPU = Debug|Any CPU
		Release|Any CPU = Release|Any CPU
	EndGlobalSection
	GlobalSection(ProjectConfigurationPlatforms) = postSolution
		{4ACEEE3E-5222-42E9-AD51-9425648D9036}.Debug|Any CPU.ActiveCfg = Debug|Any CPU
		{4ACEEE3E-5222-42E9-AD51-9425648D9036}.Debug|Any CPU.Build.0 = Debug|Any CPU
		{4ACEEE3E-5222-42E9-AD51-9425648D9036}.Release|Any CPU.ActiveCfg = Release|Any CPU
		{4ACEEE3E-5222-42E9-AD51-9425648D9036}.Release|Any CPU.Build.0 = Release|Any CPU
		{F36E7963-9860-41A5-BCCF-CCA52E4DFDAD}.Debug|Any CPU.ActiveCfg = Debug|Any CPU
		{F36E7963-9860-41A5-BCCF-CCA52E4DFDAD}.Debug|Any CPU.Build.0 = Debug|Any CPU
		{F36E7963-9860-41A5-BCCF-CCA52E4DFDAD}.Release|Any CPU.ActiveCfg = Release|Any CPU
		{F36E7963-9860-41A5-BCCF-CCA52E4DFDAD}.Release|Any CPU.Build.0 = Release|Any CPU
		{84FE01B3-A19B-49CF-AA8D-714377F58B8D}.Debug|Any CPU.ActiveCfg = Debug|Any CPU
		{84FE01B3-A19B-49CF-AA8D-714377F58B8D}.Debug|Any CPU.Build.0 = Debug|Any CPU
		{84FE01B3-A19B-49CF-AA8D-714377F58B8D}.Release|Any CPU.ActiveCfg = Release|Any CPU
		{84FE01B3-A19B-49CF-AA8D-714377F58B8D}.Release|Any CPU.Build.0 = Release|Any CPU
		{FDEEA1CF-EFFC-4FF0-B26F-D173B293AA80}.Debug|Any CPU.ActiveCfg = Debug|Any CPU
		{FDEEA1CF-EFFC-4FF0-B26F-D173B293AA80}.Debug|Any CPU.Build.0 = Debug|Any CPU
		{FDEEA1CF-EFFC-4FF0-B26F-D173B293AA80}.Release|Any CPU.ActiveCfg = Release|Any CPU
		{FDEEA1CF-EFFC-4FF0-B26F-D173B293AA80}.Release|Any CPU.Build.0 = Release|Any CPU
	EndGlobalSection
	GlobalSection(SolutionProperties) = preSolution
		HideSolutionNode = FALSE
	EndGlobalSection
	GlobalSection(ExtensibilityGlobals) = postSolution
		SolutionGuid = {BB165411-D55D-4A9C-95F2-59739C3DD05F}
	EndGlobalSection
EndGlobal
